// !$*UTF8*$!
{
	archiveVersion = 1;
	classes = {
	};
	objectVersion = 50;
	objects = {

/* Begin PBXBuildFile section */
		5203A69A21DA6A8000961636 /* Countries.swift in Sources */ = {isa = PBXBuildFile; fileRef = 5203A69921DA6A8000961636 /* Countries.swift */; };
		5203A69F21DA82F900961636 /* NewsNetwork.swift in Sources */ = {isa = PBXBuildFile; fileRef = 5203A69E21DA82F900961636 /* NewsNetwork.swift */; };
		521630B521D9C43B00E98036 /* GoogleNewsAPI.swift in Sources */ = {isa = PBXBuildFile; fileRef = 521630B421D9C43B00E98036 /* GoogleNewsAPI.swift */; };
		521630B921D9C50F00E98036 /* EndpointType.swift in Sources */ = {isa = PBXBuildFile; fileRef = 521630B821D9C50F00E98036 /* EndpointType.swift */; };
		521630BE21D9CA2400E98036 /* Keys.swift in Sources */ = {isa = PBXBuildFile; fileRef = 521630BD21D9CA2400E98036 /* Keys.swift */; };
		523CB6B923305B4100F10AA7 /* ServiceProtocol.swift in Sources */ = {isa = PBXBuildFile; fileRef = 523CB6B823305B4100F10AA7 /* ServiceProtocol.swift */; };
		5275AEA721D92C0100174216 /* NewsDetailViewModel.swift in Sources */ = {isa = PBXBuildFile; fileRef = 5275AEA621D92C0100174216 /* NewsDetailViewModel.swift */; };
		5275AEAA21D92CB500174216 /* SwipingNewsViewModel.swift in Sources */ = {isa = PBXBuildFile; fileRef = 5275AEA921D92CB500174216 /* SwipingNewsViewModel.swift */; };
		5288076D21C6962300FC4D75 /* AppDelegate.swift in Sources */ = {isa = PBXBuildFile; fileRef = 5288076C21C6962300FC4D75 /* AppDelegate.swift */; };
		5288077421C6962400FC4D75 /* Assets.xcassets in Resources */ = {isa = PBXBuildFile; fileRef = 5288077321C6962400FC4D75 /* Assets.xcassets */; };
		5288077721C6962400FC4D75 /* LaunchScreen.storyboard in Resources */ = {isa = PBXBuildFile; fileRef = 5288077521C6962400FC4D75 /* LaunchScreen.storyboard */; };
		52A1A8A021CB0328000AE632 /* SwipingNewsModel.swift in Sources */ = {isa = PBXBuildFile; fileRef = 52A1A89F21CB0328000AE632 /* SwipingNewsModel.swift */; };
		52B9D9AC21C9C50700A2F99C /* CoordinatorProtocol.swift in Sources */ = {isa = PBXBuildFile; fileRef = 52B9D9AB21C9C50700A2F99C /* CoordinatorProtocol.swift */; };
		52B9D9AE21C9C54A00A2F99C /* AppCoordinator.swift in Sources */ = {isa = PBXBuildFile; fileRef = 52B9D9AD21C9C54A00A2F99C /* AppCoordinator.swift */; };
		52D57B6A21DBA07D00A5E2B5 /* NewsArticleModel.swift in Sources */ = {isa = PBXBuildFile; fileRef = 52D57B6921DBA07D00A5E2B5 /* NewsArticleModel.swift */; };
		52D57B6D21DBAABA00A5E2B5 /* UIImage+DownloadImageExtension.swift in Sources */ = {isa = PBXBuildFile; fileRef = 52D57B6C21DBAABA00A5E2B5 /* UIImage+DownloadImageExtension.swift */; };
		52F7872921D58A6B001D0438 /* NewsDetailViewController.swift in Sources */ = {isa = PBXBuildFile; fileRef = 52F7872721D58A6B001D0438 /* NewsDetailViewController.swift */; };
		52F7872A21D58A6B001D0438 /* NewsDetailViewController.xib in Resources */ = {isa = PBXBuildFile; fileRef = 52F7872821D58A6B001D0438 /* NewsDetailViewController.xib */; };
		72DFA72BD618EC39BB92FFCC /* Pods_Swiping_News.framework in Frameworks */ = {isa = PBXBuildFile; fileRef = CC8725B7486FBFDD45FFD38F /* Pods_Swiping_News.framework */; };
		BB74256C21CA864400FDA47C /* SwipingNewsCollectionViewController.swift in Sources */ = {isa = PBXBuildFile; fileRef = BB74256A21CA864400FDA47C /* SwipingNewsCollectionViewController.swift */; };
		BB74256D21CA864400FDA47C /* SwipingNewsCollectionViewController.xib in Resources */ = {isa = PBXBuildFile; fileRef = BB74256B21CA864400FDA47C /* SwipingNewsCollectionViewController.xib */; };
		BB74257121CAB32400FDA47C /* SwipingNewsCollectionViewCell.swift in Sources */ = {isa = PBXBuildFile; fileRef = BB74256F21CAB32400FDA47C /* SwipingNewsCollectionViewCell.swift */; };
		BB74257221CAB32400FDA47C /* SwipingNewsCollectionViewCell.xib in Resources */ = {isa = PBXBuildFile; fileRef = BB74257021CAB32400FDA47C /* SwipingNewsCollectionViewCell.xib */; };
/* End PBXBuildFile section */

/* Begin PBXFileReference section */
		1A67E857D71BBDF543683874 /* Pods-Swiping News.release.xcconfig */ = {isa = PBXFileReference; includeInIndex = 1; lastKnownFileType = text.xcconfig; name = "Pods-Swiping News.release.xcconfig"; path = "Pods/Target Support Files/Pods-Swiping News/Pods-Swiping News.release.xcconfig"; sourceTree = "<group>"; };
		5203A69921DA6A8000961636 /* Countries.swift */ = {isa = PBXFileReference; lastKnownFileType = sourcecode.swift; path = Countries.swift; sourceTree = "<group>"; };
		5203A69E21DA82F900961636 /* NewsNetwork.swift */ = {isa = PBXFileReference; lastKnownFileType = sourcecode.swift; path = NewsNetwork.swift; sourceTree = "<group>"; };
		521630B421D9C43B00E98036 /* GoogleNewsAPI.swift */ = {isa = PBXFileReference; lastKnownFileType = sourcecode.swift; path = GoogleNewsAPI.swift; sourceTree = "<group>"; };
		521630B821D9C50F00E98036 /* EndpointType.swift */ = {isa = PBXFileReference; lastKnownFileType = sourcecode.swift; path = EndpointType.swift; sourceTree = "<group>"; };
		521630BD21D9CA2400E98036 /* Keys.swift */ = {isa = PBXFileReference; lastKnownFileType = sourcecode.swift; path = Keys.swift; sourceTree = "<group>"; };
		523CB6B823305B4100F10AA7 /* ServiceProtocol.swift */ = {isa = PBXFileReference; lastKnownFileType = sourcecode.swift; path = ServiceProtocol.swift; sourceTree = "<group>"; };
		5275AEA621D92C0100174216 /* NewsDetailViewModel.swift */ = {isa = PBXFileReference; lastKnownFileType = sourcecode.swift; path = NewsDetailViewModel.swift; sourceTree = "<group>"; };
		5275AEA921D92CB500174216 /* SwipingNewsViewModel.swift */ = {isa = PBXFileReference; lastKnownFileType = sourcecode.swift; path = SwipingNewsViewModel.swift; sourceTree = "<group>"; };
		5288076921C6962300FC4D75 /* Swiping News.app */ = {isa = PBXFileReference; explicitFileType = wrapper.application; includeInIndex = 0; path = "Swiping News.app"; sourceTree = BUILT_PRODUCTS_DIR; };
		5288076C21C6962300FC4D75 /* AppDelegate.swift */ = {isa = PBXFileReference; lastKnownFileType = sourcecode.swift; path = AppDelegate.swift; sourceTree = "<group>"; };
		5288077321C6962400FC4D75 /* Assets.xcassets */ = {isa = PBXFileReference; lastKnownFileType = folder.assetcatalog; path = Assets.xcassets; sourceTree = "<group>"; };
		5288077621C6962400FC4D75 /* Base */ = {isa = PBXFileReference; lastKnownFileType = file.storyboard; name = Base; path = Base.lproj/LaunchScreen.storyboard; sourceTree = "<group>"; };
		5288077821C6962400FC4D75 /* Info.plist */ = {isa = PBXFileReference; lastKnownFileType = text.plist.xml; path = Info.plist; sourceTree = "<group>"; };
		52A1A89F21CB0328000AE632 /* SwipingNewsModel.swift */ = {isa = PBXFileReference; lastKnownFileType = sourcecode.swift; path = SwipingNewsModel.swift; sourceTree = "<group>"; };
		52B9D9AB21C9C50700A2F99C /* CoordinatorProtocol.swift */ = {isa = PBXFileReference; lastKnownFileType = sourcecode.swift; path = CoordinatorProtocol.swift; sourceTree = "<group>"; };
		52B9D9AD21C9C54A00A2F99C /* AppCoordinator.swift */ = {isa = PBXFileReference; lastKnownFileType = sourcecode.swift; path = AppCoordinator.swift; sourceTree = "<group>"; };
		52D57B6921DBA07D00A5E2B5 /* NewsArticleModel.swift */ = {isa = PBXFileReference; lastKnownFileType = sourcecode.swift; path = NewsArticleModel.swift; sourceTree = "<group>"; };
		52D57B6C21DBAABA00A5E2B5 /* UIImage+DownloadImageExtension.swift */ = {isa = PBXFileReference; lastKnownFileType = sourcecode.swift; path = "UIImage+DownloadImageExtension.swift"; sourceTree = "<group>"; };
		52F7872721D58A6B001D0438 /* NewsDetailViewController.swift */ = {isa = PBXFileReference; lastKnownFileType = sourcecode.swift; path = NewsDetailViewController.swift; sourceTree = "<group>"; };
		52F7872821D58A6B001D0438 /* NewsDetailViewController.xib */ = {isa = PBXFileReference; lastKnownFileType = file.xib; path = NewsDetailViewController.xib; sourceTree = "<group>"; };
		BB74256A21CA864400FDA47C /* SwipingNewsCollectionViewController.swift */ = {isa = PBXFileReference; lastKnownFileType = sourcecode.swift; path = SwipingNewsCollectionViewController.swift; sourceTree = "<group>"; };
		BB74256B21CA864400FDA47C /* SwipingNewsCollectionViewController.xib */ = {isa = PBXFileReference; lastKnownFileType = file.xib; path = SwipingNewsCollectionViewController.xib; sourceTree = "<group>"; };
		BB74256F21CAB32400FDA47C /* SwipingNewsCollectionViewCell.swift */ = {isa = PBXFileReference; lastKnownFileType = sourcecode.swift; path = SwipingNewsCollectionViewCell.swift; sourceTree = "<group>"; };
		BB74257021CAB32400FDA47C /* SwipingNewsCollectionViewCell.xib */ = {isa = PBXFileReference; lastKnownFileType = file.xib; path = SwipingNewsCollectionViewCell.xib; sourceTree = "<group>"; };
		CC8725B7486FBFDD45FFD38F /* Pods_Swiping_News.framework */ = {isa = PBXFileReference; explicitFileType = wrapper.framework; includeInIndex = 0; path = Pods_Swiping_News.framework; sourceTree = BUILT_PRODUCTS_DIR; };
		FFF9E24E6A8AF66246C7AC3E /* Pods-Swiping News.debug.xcconfig */ = {isa = PBXFileReference; includeInIndex = 1; lastKnownFileType = text.xcconfig; name = "Pods-Swiping News.debug.xcconfig"; path = "Pods/Target Support Files/Pods-Swiping News/Pods-Swiping News.debug.xcconfig"; sourceTree = "<group>"; };
/* End PBXFileReference section */

/* Begin PBXFrameworksBuildPhase section */
		5288076621C6962300FC4D75 /* Frameworks */ = {
			isa = PBXFrameworksBuildPhase;
			buildActionMask = 2147483647;
			files = (
				72DFA72BD618EC39BB92FFCC /* Pods_Swiping_News.framework in Frameworks */,
			);
			runOnlyForDeploymentPostprocessing = 0;
		};
/* End PBXFrameworksBuildPhase section */

/* Begin PBXGroup section */
		5203A69D21DA82E200961636 /* Networking */ = {
			isa = PBXGroup;
			children = (
				5203A69E21DA82F900961636 /* NewsNetwork.swift */,
			);
			path = Networking;
			sourceTree = "<group>";
		};
		521630B321D9C3E400E98036 /* Networking */ = {
			isa = PBXGroup;
			children = (
				521630B421D9C43B00E98036 /* GoogleNewsAPI.swift */,
				521630B821D9C50F00E98036 /* EndpointType.swift */,
				523CB6B823305B4100F10AA7 /* ServiceProtocol.swift */,
			);
			path = Networking;
			sourceTree = "<group>";
		};
		521630BA21D9C71900E98036 /* Utils */ = {
			isa = PBXGroup;
			children = (
				521630BD21D9CA2400E98036 /* Keys.swift */,
				5203A69921DA6A8000961636 /* Countries.swift */,
			);
			path = Utils;
			sourceTree = "<group>";
		};
		5275AEA521D92BEA00174216 /* ViewModel */ = {
			isa = PBXGroup;
			children = (
				5275AEA621D92C0100174216 /* NewsDetailViewModel.swift */,
			);
			path = ViewModel;
			sourceTree = "<group>";
		};
		5275AEA821D92C9B00174216 /* ViewModel */ = {
			isa = PBXGroup;
			children = (
				5275AEA921D92CB500174216 /* SwipingNewsViewModel.swift */,
			);
			path = ViewModel;
			sourceTree = "<group>";
		};
		5288076021C6962300FC4D75 = {
			isa = PBXGroup;
			children = (
				5288076B21C6962300FC4D75 /* Swiping News */,
				5288076A21C6962300FC4D75 /* Products */,
				88B226C5D013CEC737AD209E /* Pods */,
				CEF68B6CE22769B27CA5E4DB /* Frameworks */,
			);
			sourceTree = "<group>";
		};
		5288076A21C6962300FC4D75 /* Products */ = {
			isa = PBXGroup;
			children = (
				5288076921C6962300FC4D75 /* Swiping News.app */,
			);
			name = Products;
			sourceTree = "<group>";
		};
		5288076B21C6962300FC4D75 /* Swiping News */ = {
			isa = PBXGroup;
			children = (
				521630BA21D9C71900E98036 /* Utils */,
				521630B321D9C3E400E98036 /* Networking */,
				52F7872421D58482001D0438 /* NewsDetails */,
				BB74256421CA7D1E00FDA47C /* News */,
				52B9D9AA21C9C4EB00A2F99C /* Coordinator */,
				5288076C21C6962300FC4D75 /* AppDelegate.swift */,
				5288077321C6962400FC4D75 /* Assets.xcassets */,
				5288077521C6962400FC4D75 /* LaunchScreen.storyboard */,
				5288077821C6962400FC4D75 /* Info.plist */,
			);
			path = "Swiping News";
			sourceTree = "<group>";
		};
		52A1A89E21CB0311000AE632 /* Model */ = {
			isa = PBXGroup;
			children = (
				52A1A89F21CB0328000AE632 /* SwipingNewsModel.swift */,
				52D57B6921DBA07D00A5E2B5 /* NewsArticleModel.swift */,
			);
			path = Model;
			sourceTree = "<group>";
		};
		52B9D9AA21C9C4EB00A2F99C /* Coordinator */ = {
			isa = PBXGroup;
			children = (
				52B9D9AB21C9C50700A2F99C /* CoordinatorProtocol.swift */,
				52B9D9AD21C9C54A00A2F99C /* AppCoordinator.swift */,
			);
			path = Coordinator;
			sourceTree = "<group>";
		};
		52B9D9AF21C9C7A500A2F99C /* View */ = {
			isa = PBXGroup;
			children = (
				BB74256E21CAB2F500FDA47C /* Cell */,
				BB74256A21CA864400FDA47C /* SwipingNewsCollectionViewController.swift */,
				BB74256B21CA864400FDA47C /* SwipingNewsCollectionViewController.xib */,
			);
			path = View;
			sourceTree = "<group>";
		};
		52D57B6B21DBAA9A00A5E2B5 /* Extension */ = {
			isa = PBXGroup;
			children = (
				52D57B6C21DBAABA00A5E2B5 /* UIImage+DownloadImageExtension.swift */,
			);
			path = Extension;
			sourceTree = "<group>";
		};
		52F7872421D58482001D0438 /* NewsDetails */ = {
			isa = PBXGroup;
			children = (
				5275AEA521D92BEA00174216 /* ViewModel */,
				52F7872621D586AF001D0438 /* Model */,
				52F7872521D586A4001D0438 /* View */,
			);
			path = NewsDetails;
			sourceTree = "<group>";
		};
		52F7872521D586A4001D0438 /* View */ = {
			isa = PBXGroup;
			children = (
				52F7872721D58A6B001D0438 /* NewsDetailViewController.swift */,
				52F7872821D58A6B001D0438 /* NewsDetailViewController.xib */,
			);
			path = View;
			sourceTree = "<group>";
		};
		52F7872621D586AF001D0438 /* Model */ = {
			isa = PBXGroup;
			children = (
			);
			path = Model;
			sourceTree = "<group>";
		};
		88B226C5D013CEC737AD209E /* Pods */ = {
			isa = PBXGroup;
			children = (
				FFF9E24E6A8AF66246C7AC3E /* Pods-Swiping News.debug.xcconfig */,
				1A67E857D71BBDF543683874 /* Pods-Swiping News.release.xcconfig */,
			);
			name = Pods;
			sourceTree = "<group>";
		};
		BB74256421CA7D1E00FDA47C /* News */ = {
			isa = PBXGroup;
			children = (
				52D57B6B21DBAA9A00A5E2B5 /* Extension */,
				5203A69D21DA82E200961636 /* Networking */,
				5275AEA821D92C9B00174216 /* ViewModel */,
				52A1A89E21CB0311000AE632 /* Model */,
				52B9D9AF21C9C7A500A2F99C /* View */,
			);
			path = News;
			sourceTree = "<group>";
		};
		BB74256E21CAB2F500FDA47C /* Cell */ = {
			isa = PBXGroup;
			children = (
				BB74256F21CAB32400FDA47C /* SwipingNewsCollectionViewCell.swift */,
				BB74257021CAB32400FDA47C /* SwipingNewsCollectionViewCell.xib */,
			);
			path = Cell;
			sourceTree = "<group>";
		};
		CEF68B6CE22769B27CA5E4DB /* Frameworks */ = {
			isa = PBXGroup;
			children = (
				CC8725B7486FBFDD45FFD38F /* Pods_Swiping_News.framework */,
			);
			name = Frameworks;
			sourceTree = "<group>";
		};
/* End PBXGroup section */

/* Begin PBXNativeTarget section */
		5288076821C6962300FC4D75 /* Swiping News */ = {
			isa = PBXNativeTarget;
			buildConfigurationList = 5288077B21C6962400FC4D75 /* Build configuration list for PBXNativeTarget "Swiping News" */;
			buildPhases = (
				0D92F362A691224161888847 /* [CP] Check Pods Manifest.lock */,
				5288076521C6962300FC4D75 /* Sources */,
				5288076621C6962300FC4D75 /* Frameworks */,
				5288076721C6962300FC4D75 /* Resources */,
				AE7488A8FC9AF56F2BE5D971 /* [CP] Embed Pods Frameworks */,
			);
			buildRules = (
			);
			dependencies = (
			);
			name = "Swiping News";
			productName = "Swiping News";
			productReference = 5288076921C6962300FC4D75 /* Swiping News.app */;
			productType = "com.apple.product-type.application";
		};
/* End PBXNativeTarget section */

/* Begin PBXProject section */
		5288076121C6962300FC4D75 /* Project object */ = {
			isa = PBXProject;
			attributes = {
				LastSwiftUpdateCheck = 1000;
				LastUpgradeCheck = 1000;
				ORGANIZATIONNAME = "Optimize 7";
				TargetAttributes = {
					5288076821C6962300FC4D75 = {
						CreatedOnToolsVersion = 10.0;
					};
				};
			};
			buildConfigurationList = 5288076421C6962300FC4D75 /* Build configuration list for PBXProject "Swiping News" */;
			compatibilityVersion = "Xcode 9.3";
			developmentRegion = en;
			hasScannedForEncodings = 0;
			knownRegions = (
				en,
				Base,
			);
			mainGroup = 5288076021C6962300FC4D75;
			productRefGroup = 5288076A21C6962300FC4D75 /* Products */;
			projectDirPath = "";
			projectRoot = "";
			targets = (
				5288076821C6962300FC4D75 /* Swiping News */,
			);
		};
/* End PBXProject section */

/* Begin PBXResourcesBuildPhase section */
		5288076721C6962300FC4D75 /* Resources */ = {
			isa = PBXResourcesBuildPhase;
			buildActionMask = 2147483647;
			files = (
				5288077721C6962400FC4D75 /* LaunchScreen.storyboard in Resources */,
				52F7872A21D58A6B001D0438 /* NewsDetailViewController.xib in Resources */,
				BB74257221CAB32400FDA47C /* SwipingNewsCollectionViewCell.xib in Resources */,
				BB74256D21CA864400FDA47C /* SwipingNewsCollectionViewController.xib in Resources */,
				5288077421C6962400FC4D75 /* Assets.xcassets in Resources */,
			);
			runOnlyForDeploymentPostprocessing = 0;
		};
/* End PBXResourcesBuildPhase section */

/* Begin PBXShellScriptBuildPhase section */
		0D92F362A691224161888847 /* [CP] Check Pods Manifest.lock */ = {
			isa = PBXShellScriptBuildPhase;
			buildActionMask = 2147483647;
			files = (
			);
			inputPaths = (
				"${PODS_PODFILE_DIR_PATH}/Podfile.lock",
				"${PODS_ROOT}/Manifest.lock",
			);
			name = "[CP] Check Pods Manifest.lock";
			outputPaths = (
				"$(DERIVED_FILE_DIR)/Pods-Swiping News-checkManifestLockResult.txt",
			);
			runOnlyForDeploymentPostprocessing = 0;
			shellPath = /bin/sh;
			shellScript = "diff \"${PODS_PODFILE_DIR_PATH}/Podfile.lock\" \"${PODS_ROOT}/Manifest.lock\" > /dev/null\nif [ $? != 0 ] ; then\n    # print error to STDERR\n    echo \"error: The sandbox is not in sync with the Podfile.lock. Run 'pod install' or update your CocoaPods installation.\" >&2\n    exit 1\nfi\n# This output is used by Xcode 'outputs' to avoid re-running this script phase.\necho \"SUCCESS\" > \"${SCRIPT_OUTPUT_FILE_0}\"\n";
			showEnvVarsInLog = 0;
		};
		AE7488A8FC9AF56F2BE5D971 /* [CP] Embed Pods Frameworks */ = {
			isa = PBXShellScriptBuildPhase;
			buildActionMask = 2147483647;
			files = (
			);
			inputPaths = (
				"${SRCROOT}/Pods/Target Support Files/Pods-Swiping News/Pods-Swiping News-frameworks.sh",
				"${BUILT_PRODUCTS_DIR}/PromiseKit/PromiseKit.framework",
			);
			name = "[CP] Embed Pods Frameworks";
			outputPaths = (
				"${TARGET_BUILD_DIR}/${FRAMEWORKS_FOLDER_PATH}/PromiseKit.framework",
			);
			runOnlyForDeploymentPostprocessing = 0;
			shellPath = /bin/sh;
			shellScript = "\"${SRCROOT}/Pods/Target Support Files/Pods-Swiping News/Pods-Swiping News-frameworks.sh\"\n";
			showEnvVarsInLog = 0;
		};
/* End PBXShellScriptBuildPhase section */

/* Begin PBXSourcesBuildPhase section */
		5288076521C6962300FC4D75 /* Sources */ = {
			isa = PBXSourcesBuildPhase;
			buildActionMask = 2147483647;
			files = (
				52D57B6A21DBA07D00A5E2B5 /* NewsArticleModel.swift in Sources */,
				523CB6B923305B4100F10AA7 /* ServiceProtocol.swift in Sources */,
				5275AEA721D92C0100174216 /* NewsDetailViewModel.swift in Sources */,
				52B9D9AE21C9C54A00A2F99C /* AppCoordinator.swift in Sources */,
				52D57B6D21DBAABA00A5E2B5 /* UIImage+DownloadImageExtension.swift in Sources */,
				5288076D21C6962300FC4D75 /* AppDelegate.swift in Sources */,
				5203A69F21DA82F900961636 /* NewsNetwork.swift in Sources */,
				52A1A8A021CB0328000AE632 /* SwipingNewsModel.swift in Sources */,
				521630BE21D9CA2400E98036 /* Keys.swift in Sources */,
				5275AEAA21D92CB500174216 /* SwipingNewsViewModel.swift in Sources */,
				5203A69A21DA6A8000961636 /* Countries.swift in Sources */,
				52F7872921D58A6B001D0438 /* NewsDetailViewController.swift in Sources */,
				521630B521D9C43B00E98036 /* GoogleNewsAPI.swift in Sources */,
				521630B921D9C50F00E98036 /* EndpointType.swift in Sources */,
				52B9D9AC21C9C50700A2F99C /* CoordinatorProtocol.swift in Sources */,
				BB74256C21CA864400FDA47C /* SwipingNewsCollectionViewController.swift in Sources */,
				BB74257121CAB32400FDA47C /* SwipingNewsCollectionViewCell.swift in Sources */,
			);
			runOnlyForDeploymentPostprocessing = 0;
		};
/* End PBXSourcesBuildPhase section */

/* Begin PBXVariantGroup section */
		5288077521C6962400FC4D75 /* LaunchScreen.storyboard */ = {
			isa = PBXVariantGroup;
			children = (
				5288077621C6962400FC4D75 /* Base */,
			);
			name = LaunchScreen.storyboard;
			sourceTree = "<group>";
		};
/* End PBXVariantGroup section */

/* Begin XCBuildConfiguration section */
		5288077921C6962400FC4D75 /* Debug */ = {
			isa = XCBuildConfiguration;
			buildSettings = {
				ALWAYS_SEARCH_USER_PATHS = NO;
				CLANG_ANALYZER_NONNULL = YES;
				CLANG_ANALYZER_NUMBER_OBJECT_CONVERSION = YES_AGGRESSIVE;
				CLANG_CXX_LANGUAGE_STANDARD = "gnu++14";
				CLANG_CXX_LIBRARY = "libc++";
				CLANG_ENABLE_MODULES = YES;
				CLANG_ENABLE_OBJC_ARC = YES;
				CLANG_ENABLE_OBJC_WEAK = YES;
				CLANG_WARN_BLOCK_CAPTURE_AUTORELEASING = YES;
				CLANG_WARN_BOOL_CONVERSION = YES;
				CLANG_WARN_COMMA = YES;
				CLANG_WARN_CONSTANT_CONVERSION = YES;
				CLANG_WARN_DEPRECATED_OBJC_IMPLEMENTATIONS = YES;
				CLANG_WARN_DIRECT_OBJC_ISA_USAGE = YES_ERROR;
				CLANG_WARN_DOCUMENTATION_COMMENTS = YES;
				CLANG_WARN_EMPTY_BODY = YES;
				CLANG_WARN_ENUM_CONVERSION = YES;
				CLANG_WARN_INFINITE_RECURSION = YES;
				CLANG_WARN_INT_CONVERSION = YES;
				CLANG_WARN_NON_LITERAL_NULL_CONVERSION = YES;
				CLANG_WARN_OBJC_IMPLICIT_RETAIN_SELF = YES;
				CLANG_WARN_OBJC_LITERAL_CONVERSION = YES;
				CLANG_WARN_OBJC_ROOT_CLASS = YES_ERROR;
				CLANG_WARN_RANGE_LOOP_ANALYSIS = YES;
				CLANG_WARN_STRICT_PROTOTYPES = YES;
				CLANG_WARN_SUSPICIOUS_MOVE = YES;
				CLANG_WARN_UNGUARDED_AVAILABILITY = YES_AGGRESSIVE;
				CLANG_WARN_UNREACHABLE_CODE = YES;
				CLANG_WARN__DUPLICATE_METHOD_MATCH = YES;
				CODE_SIGN_IDENTITY = "iPhone Developer";
				COPY_PHASE_STRIP = NO;
				DEBUG_INFORMATION_FORMAT = dwarf;
				ENABLE_STRICT_OBJC_MSGSEND = YES;
				ENABLE_TESTABILITY = YES;
				GCC_C_LANGUAGE_STANDARD = gnu11;
				GCC_DYNAMIC_NO_PIC = NO;
				GCC_NO_COMMON_BLOCKS = YES;
				GCC_OPTIMIZATION_LEVEL = 0;
				GCC_PREPROCESSOR_DEFINITIONS = (
					"DEBUG=1",
					"$(inherited)",
				);
				GCC_WARN_64_TO_32_BIT_CONVERSION = YES;
				GCC_WARN_ABOUT_RETURN_TYPE = YES_ERROR;
				GCC_WARN_UNDECLARED_SELECTOR = YES;
				GCC_WARN_UNINITIALIZED_AUTOS = YES_AGGRESSIVE;
				GCC_WARN_UNUSED_FUNCTION = YES;
				GCC_WARN_UNUSED_VARIABLE = YES;
				IPHONEOS_DEPLOYMENT_TARGET = 12.0;
				MTL_ENABLE_DEBUG_INFO = INCLUDE_SOURCE;
				MTL_FAST_MATH = YES;
				ONLY_ACTIVE_ARCH = YES;
				SDKROOT = iphoneos;
				SWIFT_ACTIVE_COMPILATION_CONDITIONS = DEBUG;
				SWIFT_OPTIMIZATION_LEVEL = "-Onone";
			};
			name = Debug;
		};
		5288077A21C6962400FC4D75 /* Release */ = {
			isa = XCBuildConfiguration;
			buildSettings = {
				ALWAYS_SEARCH_USER_PATHS = NO;
				CLANG_ANALYZER_NONNULL = YES;
				CLANG_ANALYZER_NUMBER_OBJECT_CONVERSION = YES_AGGRESSIVE;
				CLANG_CXX_LANGUAGE_STANDARD = "gnu++14";
				CLANG_CXX_LIBRARY = "libc++";
				CLANG_ENABLE_MODULES = YES;
				CLANG_ENABLE_OBJC_ARC = YES;
				CLANG_ENABLE_OBJC_WEAK = YES;
				CLANG_WARN_BLOCK_CAPTURE_AUTORELEASING = YES;
				CLANG_WARN_BOOL_CONVERSION = YES;
				CLANG_WARN_COMMA = YES;
				CLANG_WARN_CONSTANT_CONVERSION = YES;
				CLANG_WARN_DEPRECATED_OBJC_IMPLEMENTATIONS = YES;
				CLANG_WARN_DIRECT_OBJC_ISA_USAGE = YES_ERROR;
				CLANG_WARN_DOCUMENTATION_COMMENTS = YES;
				CLANG_WARN_EMPTY_BODY = YES;
				CLANG_WARN_ENUM_CONVERSION = YES;
				CLANG_WARN_INFINITE_RECURSION = YES;
				CLANG_WARN_INT_CONVERSION = YES;
				CLANG_WARN_NON_LITERAL_NULL_CONVERSION = YES;
				CLANG_WARN_OBJC_IMPLICIT_RETAIN_SELF = YES;
				CLANG_WARN_OBJC_LITERAL_CONVERSION = YES;
				CLANG_WARN_OBJC_ROOT_CLASS = YES_ERROR;
				CLANG_WARN_RANGE_LOOP_ANALYSIS = YES;
				CLANG_WARN_STRICT_PROTOTYPES = YES;
				CLANG_WARN_SUSPICIOUS_MOVE = YES;
				CLANG_WARN_UNGUARDED_AVAILABILITY = YES_AGGRESSIVE;
				CLANG_WARN_UNREACHABLE_CODE = YES;
				CLANG_WARN__DUPLICATE_METHOD_MATCH = YES;
				CODE_SIGN_IDENTITY = "iPhone Developer";
				COPY_PHASE_STRIP = NO;
				DEBUG_INFORMATION_FORMAT = "dwarf-with-dsym";
				ENABLE_NS_ASSERTIONS = NO;
				ENABLE_STRICT_OBJC_MSGSEND = YES;
				GCC_C_LANGUAGE_STANDARD = gnu11;
				GCC_NO_COMMON_BLOCKS = YES;
				GCC_WARN_64_TO_32_BIT_CONVERSION = YES;
				GCC_WARN_ABOUT_RETURN_TYPE = YES_ERROR;
				GCC_WARN_UNDECLARED_SELECTOR = YES;
				GCC_WARN_UNINITIALIZED_AUTOS = YES_AGGRESSIVE;
				GCC_WARN_UNUSED_FUNCTION = YES;
				GCC_WARN_UNUSED_VARIABLE = YES;
				IPHONEOS_DEPLOYMENT_TARGET = 12.0;
				MTL_ENABLE_DEBUG_INFO = NO;
				MTL_FAST_MATH = YES;
				SDKROOT = iphoneos;
				SWIFT_COMPILATION_MODE = wholemodule;
				SWIFT_OPTIMIZATION_LEVEL = "-O";
				VALIDATE_PRODUCT = YES;
			};
			name = Release;
		};
		5288077C21C6962400FC4D75 /* Debug */ = {
			isa = XCBuildConfiguration;
			baseConfigurationReference = FFF9E24E6A8AF66246C7AC3E /* Pods-Swiping News.debug.xcconfig */;
			buildSettings = {
				ASSETCATALOG_COMPILER_APPICON_NAME = AppIcon;
				CODE_SIGN_STYLE = Automatic;
				DEVELOPMENT_TEAM = X9469P8892;
				INFOPLIST_FILE = "Swiping News/Info.plist";
				IPHONEOS_DEPLOYMENT_TARGET = 11.0;
				LD_RUNPATH_SEARCH_PATHS = (
					"$(inherited)",
					"@executable_path/Frameworks",
				);
				PRODUCT_BUNDLE_IDENTIFIER = "br.com.optimize7.Swiping-News";
				PRODUCT_NAME = "$(TARGET_NAME)";
				SWIFT_VERSION = 4.2;
				TARGETED_DEVICE_FAMILY = "1,2";
			};
			name = Debug;
		};
		5288077D21C6962400FC4D75 /* Release */ = {
			isa = XCBuildConfiguration;
			baseConfigurationReference = 1A67E857D71BBDF543683874 /* Pods-Swiping News.release.xcconfig */;
			buildSettings = {
				ASSETCATALOG_COMPILER_APPICON_NAME = AppIcon;
				CODE_SIGN_STYLE = Automatic;
				DEVELOPMENT_TEAM = X9469P8892;
				INFOPLIST_FILE = "Swiping News/Info.plist";
				IPHONEOS_DEPLOYMENT_TARGET = 11.0;
				LD_RUNPATH_SEARCH_PATHS = (
					"$(inherited)",
					"@executable_path/Frameworks",
				);
				PRODUCT_BUNDLE_IDENTIFIER = "br.com.optimize7.Swiping-News";
				PRODUCT_NAME = "$(TARGET_NAME)";
				SWIFT_VERSION = 4.2;
				TARGETED_DEVICE_FAMILY = "1,2";
			};
			name = Release;
		};
/* End XCBuildConfiguration section */

/* Begin XCConfigurationList section */
		5288076421C6962300FC4D75 /* Build configuration list for PBXProject "Swiping News" */ = {
			isa = XCConfigurationList;
			buildConfigurations = (
				5288077921C6962400FC4D75 /* Debug */,
				5288077A21C6962400FC4D75 /* Release */,
			);
			defaultConfigurationIsVisible = 0;
			defaultConfigurationName = Release;
		};
		5288077B21C6962400FC4D75 /* Build configuration list for PBXNativeTarget "Swiping News" */ = {
			isa = XCConfigurationList;
			buildConfigurations = (
				5288077C21C6962400FC4D75 /* Debug */,
				5288077D21C6962400FC4D75 /* Release */,
			);
			defaultConfigurationIsVisible = 0;
			defaultConfigurationName = Release;
		};
/* End XCConfigurationList section */
	};
	rootObject = 5288076121C6962300FC4D75 /* Project object */;
}
